interactions:
- request:
    body: '{"input":[{"role":"user","content":"Your role: An AI Business Model Development
      Assistant.\n    Task: I am Building a Business Model Canvas. Provide an example
      of the building block I tell you for said product idea as a JSON object. Example
      Input product Idea: Bakery. Example Building block: Value Propositions Example
      output: \n    {\n    \"value-propositions\": \"-Fresh\\n-Quality ingredients\\n-Unique
      flavor combinations\\n-Convenience\"\n    }\n     Input: The Product Idea: bakery  \\n
      The Building Block: value-propositions \\n\n     Output:"}],"max_output_tokens":1000,"model":"gpt-5-mini"}'
    headers:
      accept:
      - application/json
      accept-encoding:
      - gzip, deflate
      connection:
      - keep-alive
      content-length:
      - '600'
      content-type:
      - application/json
      host:
      - api.openai.com
      user-agent:
      - OpenAI/Python 2.1.0
      x-stainless-arch:
      - other:amd64
      x-stainless-async:
      - 'false'
      x-stainless-lang:
      - python
      x-stainless-os:
      - Windows
      x-stainless-package-version:
      - 2.1.0
      x-stainless-read-timeout:
      - '600'
      x-stainless-retry-count:
      - '0'
      x-stainless-runtime:
      - CPython
      x-stainless-runtime-version:
      - 3.12.4
    method: POST
    uri: https://api.openai.com/v1/responses
  response:
    body:
      string: "{\n  \"id\": \"resp_0d9b7b6e8c4e7051006912670e1d508191bb1b0075fbcb359d\",\n
        \ \"object\": \"response\",\n  \"created_at\": 1762813710,\n  \"status\":
        \"completed\",\n  \"background\": false,\n  \"billing\": {\n    \"payer\":
        \"developer\"\n  },\n  \"error\": null,\n  \"incomplete_details\": null,\n
        \ \"instructions\": null,\n  \"max_output_tokens\": 1000,\n  \"max_tool_calls\":
        null,\n  \"model\": \"gpt-5-mini-2025-08-07\",\n  \"output\": [\n    {\n      \"id\":
        \"rs_0d9b7b6e8c4e7051006912670e7bb48191b4f4abc08680dbad\",\n      \"type\":
        \"reasoning\",\n      \"summary\": []\n    },\n    {\n      \"id\": \"msg_0d9b7b6e8c4e705100691267128f0881918397f54e4e8a255e\",\n
        \     \"type\": \"message\",\n      \"status\": \"completed\",\n      \"content\":
        [\n        {\n          \"type\": \"output_text\",\n          \"annotations\":
        [],\n          \"logprobs\": [],\n          \"text\": \"{\\n  \\\"value-propositions\\\":
        \\\"-Freshly baked every day\\\\n-Artisan and homestyle recipes\\\\n-High-quality,
        locally sourced ingredients\\\\n-Custom cakes and special orders\\\\n-Options
        for dietary needs (gluten-free, vegan)\\\\n-Convenient online ordering and
        quick pickup\\\\n-Seasonal and limited-edition pastries\\\\n-Warm, welcoming
        in-store experience\\\\n-Catering for events and corporate orders\\\\n-Consistent
        quality and friendly service\\\"\\n}\"\n        }\n      ],\n      \"role\":
        \"assistant\"\n    }\n  ],\n  \"parallel_tool_calls\": true,\n  \"previous_response_id\":
        null,\n  \"prompt_cache_key\": null,\n  \"prompt_cache_retention\": null,\n
        \ \"reasoning\": {\n    \"effort\": \"medium\",\n    \"summary\": null\n  },\n
        \ \"safety_identifier\": null,\n  \"service_tier\": \"default\",\n  \"store\":
        true,\n  \"temperature\": 1.0,\n  \"text\": {\n    \"format\": {\n      \"type\":
        \"text\"\n    },\n    \"verbosity\": \"medium\"\n  },\n  \"tool_choice\":
        \"auto\",\n  \"tools\": [],\n  \"top_logprobs\": 0,\n  \"top_p\": 1.0,\n  \"truncation\":
        \"disabled\",\n  \"usage\": {\n    \"input_tokens\": 114,\n    \"input_tokens_details\":
        {\n      \"cached_tokens\": 0\n    },\n    \"output_tokens\": 418,\n    \"output_tokens_details\":
        {\n      \"reasoning_tokens\": 320\n    },\n    \"total_tokens\": 532\n  },\n
        \ \"user\": null,\n  \"metadata\": {}\n}"
    headers:
      CF-RAY:
      - 99c8fbb5e938ec95-MAD
      Connection:
      - keep-alive
      Content-Type:
      - application/json
      Date:
      - Mon, 10 Nov 2025 22:28:35 GMT
      Server:
      - cloudflare
      Set-Cookie:
      - __cf_bm=JOQMF0fmrMiCJegRTHTogWRCDkobeI1AIPzAOWfS.X4-1762813715-1.0.1.1-gHLgUmwtYPLsDaPr3FCYrgA4EkYXnexFkzTF.QB1HDs1e3S1NoRqm.Jfz.fbHDHSwvMtH.Z8Xgpkbl6QbnmIDqYvTmnjnnbuAcy8EbkhwXU;
        path=/; expires=Mon, 10-Nov-25 22:58:35 GMT; domain=.api.openai.com; HttpOnly;
        Secure; SameSite=None
      - _cfuvid=hNB9b2Qp5MxqwhA82cCWokrwRdsIyAraJSjoUk7ovxI-1762813715717-0.0.1.1-604800000;
        path=/; domain=.api.openai.com; HttpOnly; Secure; SameSite=None
      Strict-Transport-Security:
      - max-age=31536000; includeSubDomains; preload
      Transfer-Encoding:
      - chunked
      X-Content-Type-Options:
      - nosniff
      alt-svc:
      - h3=":443"; ma=86400
      cf-cache-status:
      - DYNAMIC
      content-length:
      - '2017'
      openai-organization:
      - user-tcef3qlifclhzor2tnstkteg
      openai-processing-ms:
      - '5566'
      openai-project:
      - proj_l2vybIC3tavRnF6xzMrQp8ZM
      openai-version:
      - '2020-10-01'
      x-envoy-upstream-service-time:
      - '5571'
      x-ratelimit-limit-requests:
      - '500'
      x-ratelimit-limit-tokens:
      - '500000'
      x-ratelimit-remaining-requests:
      - '499'
      x-ratelimit-remaining-tokens:
      - '499799'
      x-ratelimit-reset-requests:
      - 120ms
      x-ratelimit-reset-tokens:
      - 24ms
      x-request-id:
      - req_4e7ad99ee704467ab28613f0fe05c34f
    status:
      code: 200
      message: OK
version: 1
